
Microsoft Visual Studio Solution File, Format Version 12.00
# Visual Studio Version 17
VisualStudioVersion = 17.14.37027.9
MinimumVisualStudioVersion = 10.0.40219.1
Project("{FAE04EC0-301F-11D3-BF4B-00C04F79EFBC}") = "罗马数字转整数", "罗马数字转整数.csproj", "{8D23D475-CF0E-49BB-8831-95FD5624B5D4}"
EndProject
Project("{FAE04EC0-301F-11D3-BF4B-00C04F79EFBC}") = "回文数", "..\回文数\回文数.csproj", "{8242FE77-C9C2-47C3-B40E-40339B479BD4}"
EndProject
Project("{FAE04EC0-301F-11D3-BF4B-00C04F79EFBC}") = "合并两个有序链表", "..\合并两个有序链表\合并两个有序链表.csproj", "{11381B28-99A6-4A16-B0A4-B87620D1ECE8}"
EndProject
Project("{FAE04EC0-301F-11D3-BF4B-00C04F79EFBC}") = "删除有序数组中的重复项", "..\删除有序数组中的重复项\删除有序数组中的重复项.csproj", "{D6CACB1C-E265-4CEB-89CF-552480DD6BEF}"
EndProject
Project("{FAE04EC0-301F-11D3-BF4B-00C04F79EFBC}") = "移除元素", "..\移除元素\移除元素.csproj", "{D35613CC-728F-4F39-BA09-D1633D642C4E}"
EndProject
Project("{FAE04EC0-301F-11D3-BF4B-00C04F79EFBC}") = "找出字符串中第一个匹配项的下标", "..\找出字符串中第一个匹配项的下标\找出字符串中第一个匹配项的下标.csproj", "{CD4943E4-55E6-4025-904D-7DBD71441C7F}"
EndProject
Project("{FAE04EC0-301F-11D3-BF4B-00C04F79EFBC}") = "合并两个有序数组", "..\合并两个有序数组\合并两个有序数组.csproj", "{5F1924F8-0412-4767-A5D4-CDBF63A4777C}"
EndProject
Project("{FAE04EC0-301F-11D3-BF4B-00C04F79EFBC}") = "回文串", "..\回文串\回文串.csproj", "{01BB3E8E-28FA-459B-87C9-0533E48308FE}"
EndProject
Project("{FAE04EC0-301F-11D3-BF4B-00C04F79EFBC}") = "两数之和", "..\两数之和\两数之和.csproj", "{E494880D-D72B-4B0D-8C01-D49573175B52}"
EndProject
Project("{FAE04EC0-301F-11D3-BF4B-00C04F79EFBC}") = "最长公共前缀", "..\最长公共前缀\最长公共前缀.csproj", "{DD798770-AB8D-43D9-836C-54ACF9F3B61C}"
EndProject
Project("{FAE04EC0-301F-11D3-BF4B-00C04F79EFBC}") = "字母异位词分组", "..\字母异位词分组\字母异位词分组.csproj", "{BC003A7C-4E10-4794-915B-AAECBA3AE9EB}"
EndProject
Project("{FAE04EC0-301F-11D3-BF4B-00C04F79EFBC}") = "最长连续序列", "..\最长连续序列\最长连续序列.csproj", "{A6009B8B-9C46-4E0A-B8F4-335B8B1C4456}"
EndProject
Project("{FAE04EC0-301F-11D3-BF4B-00C04F79EFBC}") = "移动零", "..\移动零\移动零.csproj", "{6FC95CD0-833A-4218-BD14-8F6D529EFAFB}"
EndProject
Project("{FAE04EC0-301F-11D3-BF4B-00C04F79EFBC}") = "盛最多水的容器", "..\盛最多水的容器\盛最多水的容器.csproj", "{6CA386E8-9F77-4E54-99BB-A51E5567E9A1}"
EndProject
Project("{FAE04EC0-301F-11D3-BF4B-00C04F79EFBC}") = "三数之和", "..\三数之和\三数之和.csproj", "{4EC02CF5-B8D5-4BCA-BCF7-D184BA2D1E78}"
EndProject
Project("{FAE04EC0-301F-11D3-BF4B-00C04F79EFBC}") = "接雨水", "..\接雨水\接雨水.csproj", "{07A7D6A5-A2EC-43A9-8616-94FC47DE39A6}"
EndProject
Project("{FAE04EC0-301F-11D3-BF4B-00C04F79EFBC}") = "无重复字符的最长子串", "..\无重复字符的最长子串\无重复字符的最长子串.csproj", "{E81ECF35-AC84-4A00-863E-0AAF463CC370}"
EndProject
Project("{FAE04EC0-301F-11D3-BF4B-00C04F79EFBC}") = "找到字符串中所有字母异位词", "..\找到字符串中所有字母异位词\找到字符串中所有字母异位词.csproj", "{73DC0E1C-631C-49A0-A16E-3B9575B99AA9}"
EndProject
Project("{FAE04EC0-301F-11D3-BF4B-00C04F79EFBC}") = "和为k的子数组", "..\和为k的子数组\和为k的子数组.csproj", "{10717934-BB80-4261-A662-51FE79AA1256}"
EndProject
Global
	GlobalSection(SolutionConfigurationPlatforms) = preSolution
		Debug|Any CPU = Debug|Any CPU
		Debug|x64 = Debug|x64
		Debug|x86 = Debug|x86
		Release|Any CPU = Release|Any CPU
		Release|x64 = Release|x64
		Release|x86 = Release|x86
	EndGlobalSection
	GlobalSection(ProjectConfigurationPlatforms) = postSolution
		{8D23D475-CF0E-49BB-8831-95FD5624B5D4}.Debug|Any CPU.ActiveCfg = Debug|Any CPU
		{8D23D475-CF0E-49BB-8831-95FD5624B5D4}.Debug|Any CPU.Build.0 = Debug|Any CPU
		{8D23D475-CF0E-49BB-8831-95FD5624B5D4}.Debug|x64.ActiveCfg = Debug|Any CPU
		{8D23D475-CF0E-49BB-8831-95FD5624B5D4}.Debug|x64.Build.0 = Debug|Any CPU
		{8D23D475-CF0E-49BB-8831-95FD5624B5D4}.Debug|x86.ActiveCfg = Debug|Any CPU
		{8D23D475-CF0E-49BB-8831-95FD5624B5D4}.Debug|x86.Build.0 = Debug|Any CPU
		{8D23D475-CF0E-49BB-8831-95FD5624B5D4}.Release|Any CPU.ActiveCfg = Release|Any CPU
		{8D23D475-CF0E-49BB-8831-95FD5624B5D4}.Release|Any CPU.Build.0 = Release|Any CPU
		{8D23D475-CF0E-49BB-8831-95FD5624B5D4}.Release|x64.ActiveCfg = Release|Any CPU
		{8D23D475-CF0E-49BB-8831-95FD5624B5D4}.Release|x64.Build.0 = Release|Any CPU
		{8D23D475-CF0E-49BB-8831-95FD5624B5D4}.Release|x86.ActiveCfg = Release|Any CPU
		{8D23D475-CF0E-49BB-8831-95FD5624B5D4}.Release|x86.Build.0 = Release|Any CPU
		{8242FE77-C9C2-47C3-B40E-40339B479BD4}.Debug|Any CPU.ActiveCfg = Debug|Any CPU
		{8242FE77-C9C2-47C3-B40E-40339B479BD4}.Debug|Any CPU.Build.0 = Debug|Any CPU
		{8242FE77-C9C2-47C3-B40E-40339B479BD4}.Debug|x64.ActiveCfg = Debug|Any CPU
		{8242FE77-C9C2-47C3-B40E-40339B479BD4}.Debug|x64.Build.0 = Debug|Any CPU
		{8242FE77-C9C2-47C3-B40E-40339B479BD4}.Debug|x86.ActiveCfg = Debug|Any CPU
		{8242FE77-C9C2-47C3-B40E-40339B479BD4}.Debug|x86.Build.0 = Debug|Any CPU
		{8242FE77-C9C2-47C3-B40E-40339B479BD4}.Release|Any CPU.ActiveCfg = Release|Any CPU
		{8242FE77-C9C2-47C3-B40E-40339B479BD4}.Release|Any CPU.Build.0 = Release|Any CPU
		{8242FE77-C9C2-47C3-B40E-40339B479BD4}.Release|x64.ActiveCfg = Release|Any CPU
		{8242FE77-C9C2-47C3-B40E-40339B479BD4}.Release|x64.Build.0 = Release|Any CPU
		{8242FE77-C9C2-47C3-B40E-40339B479BD4}.Release|x86.ActiveCfg = Release|Any CPU
		{8242FE77-C9C2-47C3-B40E-40339B479BD4}.Release|x86.Build.0 = Release|Any CPU
		{11381B28-99A6-4A16-B0A4-B87620D1ECE8}.Debug|Any CPU.ActiveCfg = Debug|Any CPU
		{11381B28-99A6-4A16-B0A4-B87620D1ECE8}.Debug|Any CPU.Build.0 = Debug|Any CPU
		{11381B28-99A6-4A16-B0A4-B87620D1ECE8}.Debug|x64.ActiveCfg = Debug|Any CPU
		{11381B28-99A6-4A16-B0A4-B87620D1ECE8}.Debug|x64.Build.0 = Debug|Any CPU
		{11381B28-99A6-4A16-B0A4-B87620D1ECE8}.Debug|x86.ActiveCfg = Debug|Any CPU
		{11381B28-99A6-4A16-B0A4-B87620D1ECE8}.Debug|x86.Build.0 = Debug|Any CPU
		{11381B28-99A6-4A16-B0A4-B87620D1ECE8}.Release|Any CPU.ActiveCfg = Release|Any CPU
		{11381B28-99A6-4A16-B0A4-B87620D1ECE8}.Release|Any CPU.Build.0 = Release|Any CPU
		{11381B28-99A6-4A16-B0A4-B87620D1ECE8}.Release|x64.ActiveCfg = Release|Any CPU
		{11381B28-99A6-4A16-B0A4-B87620D1ECE8}.Release|x64.Build.0 = Release|Any CPU
		{11381B28-99A6-4A16-B0A4-B87620D1ECE8}.Release|x86.ActiveCfg = Release|Any CPU
		{11381B28-99A6-4A16-B0A4-B87620D1ECE8}.Release|x86.Build.0 = Release|Any CPU
		{D6CACB1C-E265-4CEB-89CF-552480DD6BEF}.Debug|Any CPU.ActiveCfg = Debug|Any CPU
		{D6CACB1C-E265-4CEB-89CF-552480DD6BEF}.Debug|Any CPU.Build.0 = Debug|Any CPU
		{D6CACB1C-E265-4CEB-89CF-552480DD6BEF}.Debug|x64.ActiveCfg = Debug|Any CPU
		{D6CACB1C-E265-4CEB-89CF-552480DD6BEF}.Debug|x64.Build.0 = Debug|Any CPU
		{D6CACB1C-E265-4CEB-89CF-552480DD6BEF}.Debug|x86.ActiveCfg = Debug|Any CPU
		{D6CACB1C-E265-4CEB-89CF-552480DD6BEF}.Debug|x86.Build.0 = Debug|Any CPU
		{D6CACB1C-E265-4CEB-89CF-552480DD6BEF}.Release|Any CPU.ActiveCfg = Release|Any CPU
		{D6CACB1C-E265-4CEB-89CF-552480DD6BEF}.Release|Any CPU.Build.0 = Release|Any CPU
		{D6CACB1C-E265-4CEB-89CF-552480DD6BEF}.Release|x64.ActiveCfg = Release|Any CPU
		{D6CACB1C-E265-4CEB-89CF-552480DD6BEF}.Release|x64.Build.0 = Release|Any CPU
		{D6CACB1C-E265-4CEB-89CF-552480DD6BEF}.Release|x86.ActiveCfg = Release|Any CPU
		{D6CACB1C-E265-4CEB-89CF-552480DD6BEF}.Release|x86.Build.0 = Release|Any CPU
		{D35613CC-728F-4F39-BA09-D1633D642C4E}.Debug|Any CPU.ActiveCfg = Debug|Any CPU
		{D35613CC-728F-4F39-BA09-D1633D642C4E}.Debug|Any CPU.Build.0 = Debug|Any CPU
		{D35613CC-728F-4F39-BA09-D1633D642C4E}.Debug|x64.ActiveCfg = Debug|Any CPU
		{D35613CC-728F-4F39-BA09-D1633D642C4E}.Debug|x64.Build.0 = Debug|Any CPU
		{D35613CC-728F-4F39-BA09-D1633D642C4E}.Debug|x86.ActiveCfg = Debug|Any CPU
		{D35613CC-728F-4F39-BA09-D1633D642C4E}.Debug|x86.Build.0 = Debug|Any CPU
		{D35613CC-728F-4F39-BA09-D1633D642C4E}.Release|Any CPU.ActiveCfg = Release|Any CPU
		{D35613CC-728F-4F39-BA09-D1633D642C4E}.Release|Any CPU.Build.0 = Release|Any CPU
		{D35613CC-728F-4F39-BA09-D1633D642C4E}.Release|x64.ActiveCfg = Release|Any CPU
		{D35613CC-728F-4F39-BA09-D1633D642C4E}.Release|x64.Build.0 = Release|Any CPU
		{D35613CC-728F-4F39-BA09-D1633D642C4E}.Release|x86.ActiveCfg = Release|Any CPU
		{D35613CC-728F-4F39-BA09-D1633D642C4E}.Release|x86.Build.0 = Release|Any CPU
		{CD4943E4-55E6-4025-904D-7DBD71441C7F}.Debug|Any CPU.ActiveCfg = Debug|Any CPU
		{CD4943E4-55E6-4025-904D-7DBD71441C7F}.Debug|Any CPU.Build.0 = Debug|Any CPU
		{CD4943E4-55E6-4025-904D-7DBD71441C7F}.Debug|x64.ActiveCfg = Debug|Any CPU
		{CD4943E4-55E6-4025-904D-7DBD71441C7F}.Debug|x64.Build.0 = Debug|Any CPU
		{CD4943E4-55E6-4025-904D-7DBD71441C7F}.Debug|x86.ActiveCfg = Debug|Any CPU
		{CD4943E4-55E6-4025-904D-7DBD71441C7F}.Debug|x86.Build.0 = Debug|Any CPU
		{CD4943E4-55E6-4025-904D-7DBD71441C7F}.Release|Any CPU.ActiveCfg = Release|Any CPU
		{CD4943E4-55E6-4025-904D-7DBD71441C7F}.Release|Any CPU.Build.0 = Release|Any CPU
		{CD4943E4-55E6-4025-904D-7DBD71441C7F}.Release|x64.ActiveCfg = Release|Any CPU
		{CD4943E4-55E6-4025-904D-7DBD71441C7F}.Release|x64.Build.0 = Release|Any CPU
		{CD4943E4-55E6-4025-904D-7DBD71441C7F}.Release|x86.ActiveCfg = Release|Any CPU
		{CD4943E4-55E6-4025-904D-7DBD71441C7F}.Release|x86.Build.0 = Release|Any CPU
		{5F1924F8-0412-4767-A5D4-CDBF63A4777C}.Debug|Any CPU.ActiveCfg = Debug|Any CPU
		{5F1924F8-0412-4767-A5D4-CDBF63A4777C}.Debug|Any CPU.Build.0 = Debug|Any CPU
		{5F1924F8-0412-4767-A5D4-CDBF63A4777C}.Debug|x64.ActiveCfg = Debug|Any CPU
		{5F1924F8-0412-4767-A5D4-CDBF63A4777C}.Debug|x64.Build.0 = Debug|Any CPU
		{5F1924F8-0412-4767-A5D4-CDBF63A4777C}.Debug|x86.ActiveCfg = Debug|Any CPU
		{5F1924F8-0412-4767-A5D4-CDBF63A4777C}.Debug|x86.Build.0 = Debug|Any CPU
		{5F1924F8-0412-4767-A5D4-CDBF63A4777C}.Release|Any CPU.ActiveCfg = Release|Any CPU
		{5F1924F8-0412-4767-A5D4-CDBF63A4777C}.Release|Any CPU.Build.0 = Release|Any CPU
		{5F1924F8-0412-4767-A5D4-CDBF63A4777C}.Release|x64.ActiveCfg = Release|Any CPU
		{5F1924F8-0412-4767-A5D4-CDBF63A4777C}.Release|x64.Build.0 = Release|Any CPU
		{5F1924F8-0412-4767-A5D4-CDBF63A4777C}.Release|x86.ActiveCfg = Release|Any CPU
		{5F1924F8-0412-4767-A5D4-CDBF63A4777C}.Release|x86.Build.0 = Release|Any CPU
		{01BB3E8E-28FA-459B-87C9-0533E48308FE}.Debug|Any CPU.ActiveCfg = Debug|Any CPU
		{01BB3E8E-28FA-459B-87C9-0533E48308FE}.Debug|Any CPU.Build.0 = Debug|Any CPU
		{01BB3E8E-28FA-459B-87C9-0533E48308FE}.Debug|x64.ActiveCfg = Debug|Any CPU
		{01BB3E8E-28FA-459B-87C9-0533E48308FE}.Debug|x64.Build.0 = Debug|Any CPU
		{01BB3E8E-28FA-459B-87C9-0533E48308FE}.Debug|x86.ActiveCfg = Debug|Any CPU
		{01BB3E8E-28FA-459B-87C9-0533E48308FE}.Debug|x86.Build.0 = Debug|Any CPU
		{01BB3E8E-28FA-459B-87C9-0533E48308FE}.Release|Any CPU.ActiveCfg = Release|Any CPU
		{01BB3E8E-28FA-459B-87C9-0533E48308FE}.Release|Any CPU.Build.0 = Release|Any CPU
		{01BB3E8E-28FA-459B-87C9-0533E48308FE}.Release|x64.ActiveCfg = Release|Any CPU
		{01BB3E8E-28FA-459B-87C9-0533E48308FE}.Release|x64.Build.0 = Release|Any CPU
		{01BB3E8E-28FA-459B-87C9-0533E48308FE}.Release|x86.ActiveCfg = Release|Any CPU
		{01BB3E8E-28FA-459B-87C9-0533E48308FE}.Release|x86.Build.0 = Release|Any CPU
		{E494880D-D72B-4B0D-8C01-D49573175B52}.Debug|Any CPU.ActiveCfg = Debug|Any CPU
		{E494880D-D72B-4B0D-8C01-D49573175B52}.Debug|Any CPU.Build.0 = Debug|Any CPU
		{E494880D-D72B-4B0D-8C01-D49573175B52}.Debug|x64.ActiveCfg = Debug|Any CPU
		{E494880D-D72B-4B0D-8C01-D49573175B52}.Debug|x64.Build.0 = Debug|Any CPU
		{E494880D-D72B-4B0D-8C01-D49573175B52}.Debug|x86.ActiveCfg = Debug|Any CPU
		{E494880D-D72B-4B0D-8C01-D49573175B52}.Debug|x86.Build.0 = Debug|Any CPU
		{E494880D-D72B-4B0D-8C01-D49573175B52}.Release|Any CPU.ActiveCfg = Release|Any CPU
		{E494880D-D72B-4B0D-8C01-D49573175B52}.Release|Any CPU.Build.0 = Release|Any CPU
		{E494880D-D72B-4B0D-8C01-D49573175B52}.Release|x64.ActiveCfg = Release|Any CPU
		{E494880D-D72B-4B0D-8C01-D49573175B52}.Release|x64.Build.0 = Release|Any CPU
		{E494880D-D72B-4B0D-8C01-D49573175B52}.Release|x86.ActiveCfg = Release|Any CPU
		{E494880D-D72B-4B0D-8C01-D49573175B52}.Release|x86.Build.0 = Release|Any CPU
		{DD798770-AB8D-43D9-836C-54ACF9F3B61C}.Debug|Any CPU.ActiveCfg = Debug|Any CPU
		{DD798770-AB8D-43D9-836C-54ACF9F3B61C}.Debug|Any CPU.Build.0 = Debug|Any CPU
		{DD798770-AB8D-43D9-836C-54ACF9F3B61C}.Debug|x64.ActiveCfg = Debug|Any CPU
		{DD798770-AB8D-43D9-836C-54ACF9F3B61C}.Debug|x64.Build.0 = Debug|Any CPU
		{DD798770-AB8D-43D9-836C-54ACF9F3B61C}.Debug|x86.ActiveCfg = Debug|Any CPU
		{DD798770-AB8D-43D9-836C-54ACF9F3B61C}.Debug|x86.Build.0 = Debug|Any CPU
		{DD798770-AB8D-43D9-836C-54ACF9F3B61C}.Release|Any CPU.ActiveCfg = Release|Any CPU
		{DD798770-AB8D-43D9-836C-54ACF9F3B61C}.Release|Any CPU.Build.0 = Release|Any CPU
		{DD798770-AB8D-43D9-836C-54ACF9F3B61C}.Release|x64.ActiveCfg = Release|Any CPU
		{DD798770-AB8D-43D9-836C-54ACF9F3B61C}.Release|x64.Build.0 = Release|Any CPU
		{DD798770-AB8D-43D9-836C-54ACF9F3B61C}.Release|x86.ActiveCfg = Release|Any CPU
		{DD798770-AB8D-43D9-836C-54ACF9F3B61C}.Release|x86.Build.0 = Release|Any CPU
		{BC003A7C-4E10-4794-915B-AAECBA3AE9EB}.Debug|Any CPU.ActiveCfg = Debug|Any CPU
		{BC003A7C-4E10-4794-915B-AAECBA3AE9EB}.Debug|Any CPU.Build.0 = Debug|Any CPU
		{BC003A7C-4E10-4794-915B-AAECBA3AE9EB}.Debug|x64.ActiveCfg = Debug|Any CPU
		{BC003A7C-4E10-4794-915B-AAECBA3AE9EB}.Debug|x64.Build.0 = Debug|Any CPU
		{BC003A7C-4E10-4794-915B-AAECBA3AE9EB}.Debug|x86.ActiveCfg = Debug|Any CPU
		{BC003A7C-4E10-4794-915B-AAECBA3AE9EB}.Debug|x86.Build.0 = Debug|Any CPU
		{BC003A7C-4E10-4794-915B-AAECBA3AE9EB}.Release|Any CPU.ActiveCfg = Release|Any CPU
		{BC003A7C-4E10-4794-915B-AAECBA3AE9EB}.Release|Any CPU.Build.0 = Release|Any CPU
		{BC003A7C-4E10-4794-915B-AAECBA3AE9EB}.Release|x64.ActiveCfg = Release|Any CPU
		{BC003A7C-4E10-4794-915B-AAECBA3AE9EB}.Release|x64.Build.0 = Release|Any CPU
		{BC003A7C-4E10-4794-915B-AAECBA3AE9EB}.Release|x86.ActiveCfg = Release|Any CPU
		{BC003A7C-4E10-4794-915B-AAECBA3AE9EB}.Release|x86.Build.0 = Release|Any CPU
		{A6009B8B-9C46-4E0A-B8F4-335B8B1C4456}.Debug|Any CPU.ActiveCfg = Debug|Any CPU
		{A6009B8B-9C46-4E0A-B8F4-335B8B1C4456}.Debug|Any CPU.Build.0 = Debug|Any CPU
		{A6009B8B-9C46-4E0A-B8F4-335B8B1C4456}.Debug|x64.ActiveCfg = Debug|Any CPU
		{A6009B8B-9C46-4E0A-B8F4-335B8B1C4456}.Debug|x64.Build.0 = Debug|Any CPU
		{A6009B8B-9C46-4E0A-B8F4-335B8B1C4456}.Debug|x86.ActiveCfg = Debug|Any CPU
		{A6009B8B-9C46-4E0A-B8F4-335B8B1C4456}.Debug|x86.Build.0 = Debug|Any CPU
		{A6009B8B-9C46-4E0A-B8F4-335B8B1C4456}.Release|Any CPU.ActiveCfg = Release|Any CPU
		{A6009B8B-9C46-4E0A-B8F4-335B8B1C4456}.Release|Any CPU.Build.0 = Release|Any CPU
		{A6009B8B-9C46-4E0A-B8F4-335B8B1C4456}.Release|x64.ActiveCfg = Release|Any CPU
		{A6009B8B-9C46-4E0A-B8F4-335B8B1C4456}.Release|x64.Build.0 = Release|Any CPU
		{A6009B8B-9C46-4E0A-B8F4-335B8B1C4456}.Release|x86.ActiveCfg = Release|Any CPU
		{A6009B8B-9C46-4E0A-B8F4-335B8B1C4456}.Release|x86.Build.0 = Release|Any CPU
		{6FC95CD0-833A-4218-BD14-8F6D529EFAFB}.Debug|Any CPU.ActiveCfg = Debug|Any CPU
		{6FC95CD0-833A-4218-BD14-8F6D529EFAFB}.Debug|Any CPU.Build.0 = Debug|Any CPU
		{6FC95CD0-833A-4218-BD14-8F6D529EFAFB}.Debug|x64.ActiveCfg = Debug|Any CPU
		{6FC95CD0-833A-4218-BD14-8F6D529EFAFB}.Debug|x64.Build.0 = Debug|Any CPU
		{6FC95CD0-833A-4218-BD14-8F6D529EFAFB}.Debug|x86.ActiveCfg = Debug|Any CPU
		{6FC95CD0-833A-4218-BD14-8F6D529EFAFB}.Debug|x86.Build.0 = Debug|Any CPU
		{6FC95CD0-833A-4218-BD14-8F6D529EFAFB}.Release|Any CPU.ActiveCfg = Release|Any CPU
		{6FC95CD0-833A-4218-BD14-8F6D529EFAFB}.Release|Any CPU.Build.0 = Release|Any CPU
		{6FC95CD0-833A-4218-BD14-8F6D529EFAFB}.Release|x64.ActiveCfg = Release|Any CPU
		{6FC95CD0-833A-4218-BD14-8F6D529EFAFB}.Release|x64.Build.0 = Release|Any CPU
		{6FC95CD0-833A-4218-BD14-8F6D529EFAFB}.Release|x86.ActiveCfg = Release|Any CPU
		{6FC95CD0-833A-4218-BD14-8F6D529EFAFB}.Release|x86.Build.0 = Release|Any CPU
		{6CA386E8-9F77-4E54-99BB-A51E5567E9A1}.Debug|Any CPU.ActiveCfg = Debug|Any CPU
		{6CA386E8-9F77-4E54-99BB-A51E5567E9A1}.Debug|Any CPU.Build.0 = Debug|Any CPU
		{6CA386E8-9F77-4E54-99BB-A51E5567E9A1}.Debug|x64.ActiveCfg = Debug|Any CPU
		{6CA386E8-9F77-4E54-99BB-A51E5567E9A1}.Debug|x64.Build.0 = Debug|Any CPU
		{6CA386E8-9F77-4E54-99BB-A51E5567E9A1}.Debug|x86.ActiveCfg = Debug|Any CPU
		{6CA386E8-9F77-4E54-99BB-A51E5567E9A1}.Debug|x86.Build.0 = Debug|Any CPU
		{6CA386E8-9F77-4E54-99BB-A51E5567E9A1}.Release|Any CPU.ActiveCfg = Release|Any CPU
		{6CA386E8-9F77-4E54-99BB-A51E5567E9A1}.Release|Any CPU.Build.0 = Release|Any CPU
		{6CA386E8-9F77-4E54-99BB-A51E5567E9A1}.Release|x64.ActiveCfg = Release|Any CPU
		{6CA386E8-9F77-4E54-99BB-A51E5567E9A1}.Release|x64.Build.0 = Release|Any CPU
		{6CA386E8-9F77-4E54-99BB-A51E5567E9A1}.Release|x86.ActiveCfg = Release|Any CPU
		{6CA386E8-9F77-4E54-99BB-A51E5567E9A1}.Release|x86.Build.0 = Release|Any CPU
		{4EC02CF5-B8D5-4BCA-BCF7-D184BA2D1E78}.Debug|Any CPU.ActiveCfg = Debug|Any CPU
		{4EC02CF5-B8D5-4BCA-BCF7-D184BA2D1E78}.Debug|Any CPU.Build.0 = Debug|Any CPU
		{4EC02CF5-B8D5-4BCA-BCF7-D184BA2D1E78}.Debug|x64.ActiveCfg = Debug|Any CPU
		{4EC02CF5-B8D5-4BCA-BCF7-D184BA2D1E78}.Debug|x64.Build.0 = Debug|Any CPU
		{4EC02CF5-B8D5-4BCA-BCF7-D184BA2D1E78}.Debug|x86.ActiveCfg = Debug|Any CPU
		{4EC02CF5-B8D5-4BCA-BCF7-D184BA2D1E78}.Debug|x86.Build.0 = Debug|Any CPU
		{4EC02CF5-B8D5-4BCA-BCF7-D184BA2D1E78}.Release|Any CPU.ActiveCfg = Release|Any CPU
		{4EC02CF5-B8D5-4BCA-BCF7-D184BA2D1E78}.Release|Any CPU.Build.0 = Release|Any CPU
		{4EC02CF5-B8D5-4BCA-BCF7-D184BA2D1E78}.Release|x64.ActiveCfg = Release|Any CPU
		{4EC02CF5-B8D5-4BCA-BCF7-D184BA2D1E78}.Release|x64.Build.0 = Release|Any CPU
		{4EC02CF5-B8D5-4BCA-BCF7-D184BA2D1E78}.Release|x86.ActiveCfg = Release|Any CPU
		{4EC02CF5-B8D5-4BCA-BCF7-D184BA2D1E78}.Release|x86.Build.0 = Release|Any CPU
		{07A7D6A5-A2EC-43A9-8616-94FC47DE39A6}.Debug|Any CPU.ActiveCfg = Debug|Any CPU
		{07A7D6A5-A2EC-43A9-8616-94FC47DE39A6}.Debug|Any CPU.Build.0 = Debug|Any CPU
		{07A7D6A5-A2EC-43A9-8616-94FC47DE39A6}.Debug|x64.ActiveCfg = Debug|Any CPU
		{07A7D6A5-A2EC-43A9-8616-94FC47DE39A6}.Debug|x64.Build.0 = Debug|Any CPU
		{07A7D6A5-A2EC-43A9-8616-94FC47DE39A6}.Debug|x86.ActiveCfg = Debug|Any CPU
		{07A7D6A5-A2EC-43A9-8616-94FC47DE39A6}.Debug|x86.Build.0 = Debug|Any CPU
		{07A7D6A5-A2EC-43A9-8616-94FC47DE39A6}.Release|Any CPU.ActiveCfg = Release|Any CPU
		{07A7D6A5-A2EC-43A9-8616-94FC47DE39A6}.Release|Any CPU.Build.0 = Release|Any CPU
		{07A7D6A5-A2EC-43A9-8616-94FC47DE39A6}.Release|x64.ActiveCfg = Release|Any CPU
		{07A7D6A5-A2EC-43A9-8616-94FC47DE39A6}.Release|x64.Build.0 = Release|Any CPU
		{07A7D6A5-A2EC-43A9-8616-94FC47DE39A6}.Release|x86.ActiveCfg = Release|Any CPU
		{07A7D6A5-A2EC-43A9-8616-94FC47DE39A6}.Release|x86.Build.0 = Release|Any CPU
		{E81ECF35-AC84-4A00-863E-0AAF463CC370}.Debug|Any CPU.ActiveCfg = Debug|Any CPU
		{E81ECF35-AC84-4A00-863E-0AAF463CC370}.Debug|Any CPU.Build.0 = Debug|Any CPU
		{E81ECF35-AC84-4A00-863E-0AAF463CC370}.Debug|x64.ActiveCfg = Debug|Any CPU
		{E81ECF35-AC84-4A00-863E-0AAF463CC370}.Debug|x64.Build.0 = Debug|Any CPU
		{E81ECF35-AC84-4A00-863E-0AAF463CC370}.Debug|x86.ActiveCfg = Debug|Any CPU
		{E81ECF35-AC84-4A00-863E-0AAF463CC370}.Debug|x86.Build.0 = Debug|Any CPU
		{E81ECF35-AC84-4A00-863E-0AAF463CC370}.Release|Any CPU.ActiveCfg = Release|Any CPU
		{E81ECF35-AC84-4A00-863E-0AAF463CC370}.Release|Any CPU.Build.0 = Release|Any CPU
		{E81ECF35-AC84-4A00-863E-0AAF463CC370}.Release|x64.ActiveCfg = Release|Any CPU
		{E81ECF35-AC84-4A00-863E-0AAF463CC370}.Release|x64.Build.0 = Release|Any CPU
		{E81ECF35-AC84-4A00-863E-0AAF463CC370}.Release|x86.ActiveCfg = Release|Any CPU
		{E81ECF35-AC84-4A00-863E-0AAF463CC370}.Release|x86.Build.0 = Release|Any CPU
		{73DC0E1C-631C-49A0-A16E-3B9575B99AA9}.Debug|Any CPU.ActiveCfg = Debug|Any CPU
		{73DC0E1C-631C-49A0-A16E-3B9575B99AA9}.Debug|Any CPU.Build.0 = Debug|Any CPU
		{73DC0E1C-631C-49A0-A16E-3B9575B99AA9}.Debug|x64.ActiveCfg = Debug|Any CPU
		{73DC0E1C-631C-49A0-A16E-3B9575B99AA9}.Debug|x64.Build.0 = Debug|Any CPU
		{73DC0E1C-631C-49A0-A16E-3B9575B99AA9}.Debug|x86.ActiveCfg = Debug|Any CPU
		{73DC0E1C-631C-49A0-A16E-3B9575B99AA9}.Debug|x86.Build.0 = Debug|Any CPU
		{73DC0E1C-631C-49A0-A16E-3B9575B99AA9}.Release|Any CPU.ActiveCfg = Release|Any CPU
		{73DC0E1C-631C-49A0-A16E-3B9575B99AA9}.Release|Any CPU.Build.0 = Release|Any CPU
		{73DC0E1C-631C-49A0-A16E-3B9575B99AA9}.Release|x64.ActiveCfg = Release|Any CPU
		{73DC0E1C-631C-49A0-A16E-3B9575B99AA9}.Release|x64.Build.0 = Release|Any CPU
		{73DC0E1C-631C-49A0-A16E-3B9575B99AA9}.Release|x86.ActiveCfg = Release|Any CPU
		{73DC0E1C-631C-49A0-A16E-3B9575B99AA9}.Release|x86.Build.0 = Release|Any CPU
		{10717934-BB80-4261-A662-51FE79AA1256}.Debug|Any CPU.ActiveCfg = Debug|Any CPU
		{10717934-BB80-4261-A662-51FE79AA1256}.Debug|Any CPU.Build.0 = Debug|Any CPU
		{10717934-BB80-4261-A662-51FE79AA1256}.Debug|x64.ActiveCfg = Debug|Any CPU
		{10717934-BB80-4261-A662-51FE79AA1256}.Debug|x64.Build.0 = Debug|Any CPU
		{10717934-BB80-4261-A662-51FE79AA1256}.Debug|x86.ActiveCfg = Debug|Any CPU
		{10717934-BB80-4261-A662-51FE79AA1256}.Debug|x86.Build.0 = Debug|Any CPU
		{10717934-BB80-4261-A662-51FE79AA1256}.Release|Any CPU.ActiveCfg = Release|Any CPU
		{10717934-BB80-4261-A662-51FE79AA1256}.Release|Any CPU.Build.0 = Release|Any CPU
		{10717934-BB80-4261-A662-51FE79AA1256}.Release|x64.ActiveCfg = Release|Any CPU
		{10717934-BB80-4261-A662-51FE79AA1256}.Release|x64.Build.0 = Release|Any CPU
		{10717934-BB80-4261-A662-51FE79AA1256}.Release|x86.ActiveCfg = Release|Any CPU
		{10717934-BB80-4261-A662-51FE79AA1256}.Release|x86.Build.0 = Release|Any CPU
	EndGlobalSection
	GlobalSection(SolutionProperties) = preSolution
		HideSolutionNode = FALSE
	EndGlobalSection
	GlobalSection(ExtensibilityGlobals) = postSolution
		SolutionGuid = {D73056A0-4EAD-4A57-B7FD-B01250428EC7}
	EndGlobalSection
EndGlobal
